
Microsoft Visual Studio Solution File, Format Version 12.00
# Visual Studio 15
VisualStudioVersion = 15.0.27428.2002
MinimumVisualStudioVersion = 10.0.40219.1
Project("{FAE04EC0-301F-11D3-BF4B-00C04F79EFBC}") = "StoreList", "StoreList\StoreList.csproj", "{DF099644-E442-4305-AA0A-F1BB79E86BCD}"
EndProject
Project("{FAE04EC0-301F-11D3-BF4B-00C04F79EFBC}") = "StoreDataLoad", "..\StoreDataLoad\StoreDataLoad\StoreDataLoad.csproj", "{0DD28824-65FF-4079-932A-787F50FEA1BB}"
EndProject
Project("{FAE04EC0-301F-11D3-BF4B-00C04F79EFBC}") = "StoreListLibrary", "StoreListLibrary\StoreListLibrary.csproj", "{F62EDB21-6DBF-49BC-A09E-0C0AF6F0F2AE}"
EndProject
Global
	GlobalSection(SolutionConfigurationPlatforms) = preSolution
		Debug|Any CPU = Debug|Any CPU
		Release|Any CPU = Release|Any CPU
	EndGlobalSection
	GlobalSection(ProjectConfigurationPlatforms) = postSolution
		{DF099644-E442-4305-AA0A-F1BB79E86BCD}.Debug|Any CPU.ActiveCfg = Debug|Any CPU
		{DF099644-E442-4305-AA0A-F1BB79E86BCD}.Debug|Any CPU.Build.0 = Debug|Any CPU
		{DF099644-E442-4305-AA0A-F1BB79E86BCD}.Release|Any CPU.ActiveCfg = Release|Any CPU
		{DF099644-E442-4305-AA0A-F1BB79E86BCD}.Release|Any CPU.Build.0 = Release|Any CPU
		{0DD28824-65FF-4079-932A-787F50FEA1BB}.Debug|Any CPU.ActiveCfg = Debug|Any CPU
		{0DD28824-65FF-4079-932A-787F50FEA1BB}.Debug|Any CPU.Build.0 = Debug|Any CPU
		{0DD28824-65FF-4079-932A-787F50FEA1BB}.Release|Any CPU.ActiveCfg = Release|Any CPU
		{0DD28824-65FF-4079-932A-787F50FEA1BB}.Release|Any CPU.Build.0 = Release|Any CPU
		{F62EDB21-6DBF-49BC-A09E-0C0AF6F0F2AE}.Debug|Any CPU.ActiveCfg = Debug|Any CPU
		{F62EDB21-6DBF-49BC-A09E-0C0AF6F0F2AE}.Debug|Any CPU.Build.0 = Debug|Any CPU
		{F62EDB21-6DBF-49BC-A09E-0C0AF6F0F2AE}.Release|Any CPU.ActiveCfg = Release|Any CPU
		{F62EDB21-6DBF-49BC-A09E-0C0AF6F0F2AE}.Release|Any CPU.Build.0 = Release|Any CPU
	EndGlobalSection
	GlobalSection(SolutionProperties) = preSolution
		HideSolutionNode = FALSE
	EndGlobalSection
	GlobalSection(ExtensibilityGlobals) = postSolution
		SolutionGuid = {49CEB81D-794F-4778-89F0-67397D99F759}
	EndGlobalSection
EndGlobal
